// !$*UTF8*$!
{
	archiveVersion = 1;
	classes = {
	};
	objectVersion = 46;
	objects = {

/* Begin PBXFileReference section */
		4415417A188B5A7500FAE219 /* battle.py */ = {isa = PBXFileReference; fileEncoding = 4; lastKnownFileType = text.script.python; path = battle.py; sourceTree = "<group>"; };
		4415417B188B5A7500FAE219 /* custio.py */ = {isa = PBXFileReference; fileEncoding = 4; lastKnownFileType = text.script.python; path = custio.py; sourceTree = "<group>"; };
		4415417C188B5A7500FAE219 /* debug-iOS.py */ = {isa = PBXFileReference; fileEncoding = 4; lastKnownFileType = text.script.python; path = "debug-iOS.py"; sourceTree = "<group>"; };
		4415417D188B5A7500FAE219 /* Fur.py */ = {isa = PBXFileReference; fileEncoding = 4; lastKnownFileType = text.script.python; path = Fur.py; sourceTree = "<group>"; };
		4415417F188B5A7500FAE219 /* compile-langs.py */ = {isa = PBXFileReference; fileEncoding = 4; lastKnownFileType = text.script.python; path = "compile-langs.py"; sourceTree = "<group>"; };
		44154180188B5A7500FAE219 /* english.py */ = {isa = PBXFileReference; fileEncoding = 4; lastKnownFileType = text.script.python; path = english.py; sourceTree = "<group>"; };
		44154181188B5A7500FAE219 /* enpelt.py */ = {isa = PBXFileReference; fileEncoding = 4; lastKnownFileType = text.script.python; path = enpelt.py; sourceTree = "<group>"; };
		44154182188B5A7500FAE219 /* espelt.py */ = {isa = PBXFileReference; fileEncoding = 4; lastKnownFileType = text.script.python; path = espelt.py; sourceTree = "<group>"; };
		44154184188B5A7500FAE219 /* spanish.py */ = {isa = PBXFileReference; fileEncoding = 4; lastKnownFileType = text.script.python; path = spanish.py; sourceTree = "<group>"; };
		44154185188B5A7500FAE219 /* xino.py */ = {isa = PBXFileReference; fileEncoding = 4; lastKnownFileType = text.script.python; path = xino.py; sourceTree = "<group>"; };
		44154186188B5A7500FAE219 /* xnpelt.py */ = {isa = PBXFileReference; fileEncoding = 4; lastKnownFileType = text.script.python; path = xnpelt.py; sourceTree = "<group>"; };
		44154188188B5A7500FAE219 /* __init__.py */ = {isa = PBXFileReference; fileEncoding = 4; lastKnownFileType = text.script.python; path = __init__.py; sourceTree = "<group>"; };
		4415418A188B5A7500FAE219 /* __init__.py */ = {isa = PBXFileReference; fileEncoding = 4; lastKnownFileType = text.script.python; path = __init__.py; sourceTree = "<group>"; };
		4415418B188B5A7500FAE219 /* Pygame.url */ = {isa = PBXFileReference; fileEncoding = 4; lastKnownFileType = text; path = Pygame.url; sourceTree = "<group>"; };
		4415418C188B5A7500FAE219 /* Notepad++ Level Language.xml */ = {isa = PBXFileReference; fileEncoding = 4; lastKnownFileType = text.xml; path = "Notepad++ Level Language.xml"; sourceTree = "<group>"; };
		4415418E188B5A7500FAE219 /* __init__.py */ = {isa = PBXFileReference; fileEncoding = 4; lastKnownFileType = text.script.python; path = __init__.py; sourceTree = "<group>"; };
		44154190188B5A7500FAE219 /* __init__.py */ = {isa = PBXFileReference; fileEncoding = 4; lastKnownFileType = text.script.python; path = __init__.py; sourceTree = "<group>"; };
		44154191188B5A7500FAE219 /* ansi.py */ = {isa = PBXFileReference; fileEncoding = 4; lastKnownFileType = text.script.python; path = ansi.py; sourceTree = "<group>"; };
		44154192188B5A7500FAE219 /* ansitowin32.py */ = {isa = PBXFileReference; fileEncoding = 4; lastKnownFileType = text.script.python; path = ansitowin32.py; sourceTree = "<group>"; };
		44154193188B5A7500FAE219 /* initialise.py */ = {isa = PBXFileReference; fileEncoding = 4; lastKnownFileType = text.script.python; path = initialise.py; sourceTree = "<group>"; };
		44154194188B5A7500FAE219 /* win32.py */ = {isa = PBXFileReference; fileEncoding = 4; lastKnownFileType = text.script.python; path = win32.py; sourceTree = "<group>"; };
		44154195188B5A7500FAE219 /* winterm.py */ = {isa = PBXFileReference; fileEncoding = 4; lastKnownFileType = text.script.python; path = winterm.py; sourceTree = "<group>"; };
		44154196188B5A7500FAE219 /* config.py */ = {isa = PBXFileReference; fileEncoding = 4; lastKnownFileType = text.script.python; path = config.py; sourceTree = "<group>"; };
		44154199188B5A7500FAE219 /* i18n.py */ = {isa = PBXFileReference; fileEncoding = 4; lastKnownFileType = text.script.python; path = i18n.py; sourceTree = "<group>"; };
		4415419A188B5A7500FAE219 /* level.py */ = {isa = PBXFileReference; fileEncoding = 4; lastKnownFileType = text.script.python; path = level.py; sourceTree = "<group>"; };
		4415419B188B5A7500FAE219 /* localio.py */ = {isa = PBXFileReference; fileEncoding = 4; lastKnownFileType = text.script.python; path = localio.py; sourceTree = "<group>"; };
		441541A0188B5A7500FAE219 /* Icon */ = {isa = PBXFileReference; fileEncoding = 4; lastKnownFileType = text; path = Icon; sourceTree = "<group>"; };
		441541A1188B5A7500FAE219 /* test_Parser.py */ = {isa = PBXFileReference; fileEncoding = 4; lastKnownFileType = text.script.python; path = test_Parser.py; sourceTree = "<group>"; };
		441541A2188B5A7500FAE219 /* README.md */ = {isa = PBXFileReference; fileEncoding = 4; lastKnownFileType = text; path = README.md; sourceTree = "<group>"; };
		441541A5188B5A7500FAE219 /* wolf_female.jpg */ = {isa = PBXFileReference; lastKnownFileType = image.jpeg; path = wolf_female.jpg; sourceTree = "<group>"; };
		441541A6188B5A7500FAE219 /* wolf_female.psd */ = {isa = PBXFileReference; lastKnownFileType = file; path = wolf_female.psd; sourceTree = "<group>"; };
		441541A7188B5A7500FAE219 /* wolf_male.jpg */ = {isa = PBXFileReference; lastKnownFileType = image.jpeg; path = wolf_male.jpg; sourceTree = "<group>"; };
		441541A8188B5A7500FAE219 /* wolf_male.psd */ = {isa = PBXFileReference; lastKnownFileType = file; path = wolf_male.psd; sourceTree = "<group>"; };
		441541AA188B5A7500FAE219 /* finish.bat.lnk */ = {isa = PBXFileReference; lastKnownFileType = file; path = finish.bat.lnk; sourceTree = "<group>"; };
		441541AB188B5A7500FAE219 /* How to Install.txt */ = {isa = PBXFileReference; fileEncoding = 4; lastKnownFileType = text; path = "How to Install.txt"; sourceTree = "<group>"; };
		441541AE188B5A7500FAE219 /* 2013-11-28_19.45.09.png */ = {isa = PBXFileReference; lastKnownFileType = image.png; path = "2013-11-28_19.45.09.png"; sourceTree = "<group>"; };
		441541AF188B5A7500FAE219 /* 2013-11-28_19.45.25.png */ = {isa = PBXFileReference; lastKnownFileType = image.png; path = "2013-11-28_19.45.25.png"; sourceTree = "<group>"; };
		441541B0188B5A7500FAE219 /* 2013-11-28_19.45.39.png */ = {isa = PBXFileReference; lastKnownFileType = image.png; path = "2013-11-28_19.45.39.png"; sourceTree = "<group>"; };
		441541B1188B5A7500FAE219 /* 2013-11-28_19.46.15.png */ = {isa = PBXFileReference; lastKnownFileType = image.png; path = "2013-11-28_19.46.15.png"; sourceTree = "<group>"; };
		441541B2188B5A7500FAE219 /* 2013-11-28_19.46.39.png */ = {isa = PBXFileReference; lastKnownFileType = image.png; path = "2013-11-28_19.46.39.png"; sourceTree = "<group>"; };
		441541B4188B5A7500FAE219 /* 2013-11-28_19.50.27.png */ = {isa = PBXFileReference; lastKnownFileType = image.png; path = "2013-11-28_19.50.27.png"; sourceTree = "<group>"; };
		441541B5188B5A7500FAE219 /* 2013-11-28_19.50.44.png */ = {isa = PBXFileReference; lastKnownFileType = image.png; path = "2013-11-28_19.50.44.png"; sourceTree = "<group>"; };
		441541B7188B5A7500FAE219 /* 2013-11-28_19.52.38.png */ = {isa = PBXFileReference; lastKnownFileType = image.png; path = "2013-11-28_19.52.38.png"; sourceTree = "<group>"; };
		441541B8188B5A7500FAE219 /* 2013-11-28_19.52.51.png */ = {isa = PBXFileReference; lastKnownFileType = image.png; path = "2013-11-28_19.52.51.png"; sourceTree = "<group>"; };
		441541B9188B5A7500FAE219 /* 2013-11-28_19.53.21.png */ = {isa = PBXFileReference; lastKnownFileType = image.png; path = "2013-11-28_19.53.21.png"; sourceTree = "<group>"; };
		441541BA188B5A7500FAE219 /* 2013-11-28_20.18.46.png */ = {isa = PBXFileReference; lastKnownFileType = image.png; path = "2013-11-28_20.18.46.png"; sourceTree = "<group>"; };
		441541BB188B5A7500FAE219 /* 2013-11-28_20.19.03.png */ = {isa = PBXFileReference; lastKnownFileType = image.png; path = "2013-11-28_20.19.03.png"; sourceTree = "<group>"; };
		441541BD188B5A7500FAE219 /* 2013-11-28_20.34.07.png */ = {isa = PBXFileReference; lastKnownFileType = image.png; path = "2013-11-28_20.34.07.png"; sourceTree = "<group>"; };
		441541BE188B5A7500FAE219 /* Level 2.png */ = {isa = PBXFileReference; lastKnownFileType = image.png; path = "Level 2.png"; sourceTree = "<group>"; };
		441541BF188B5A7500FAE219 /* Level Design.gdoc */ = {isa = PBXFileReference; fileEncoding = 4; lastKnownFileType = text; path = "Level Design.gdoc"; sourceTree = "<group>"; };
		441541C0188B5A7500FAE219 /* Level Hex File Format Guide.txt */ = {isa = PBXFileReference; fileEncoding = 4; lastKnownFileType = text; path = "Level Hex File Format Guide.txt"; sourceTree = "<group>"; };
		441541C1188B5A7500FAE219 /* Main Menu.psd */ = {isa = PBXFileReference; lastKnownFileType = file; path = "Main Menu.psd"; sourceTree = "<group>"; };
		441541C2188B5A7500FAE219 /* spanish.py */ = {isa = PBXFileReference; fileEncoding = 4; lastKnownFileType = text.script.python; path = spanish.py; sourceTree = "<group>"; };
		441541C5188B5A7500FAE219 /* en-pelt.lang */ = {isa = PBXFileReference; fileEncoding = 4; lastKnownFileType = text; path = "en-pelt.lang"; sourceTree = "<group>"; };
		441541C6188B5A7500FAE219 /* english.lang */ = {isa = PBXFileReference; fileEncoding = 4; lastKnownFileType = text; path = english.lang; sourceTree = "<group>"; };
		441541C8188B5A7500FAE219 /* es-pelt.lang */ = {isa = PBXFileReference; fileEncoding = 4; lastKnownFileType = text; path = "es-pelt.lang"; sourceTree = "<group>"; };
		441541C9188B5A7500FAE219 /* espanol.lang */ = {isa = PBXFileReference; fileEncoding = 4; lastKnownFileType = text; path = espanol.lang; sourceTree = "<group>"; };
		441541CB188B5A7500FAE219 /* xino.lang */ = {isa = PBXFileReference; fileEncoding = 4; lastKnownFileType = text; path = xino.lang; sourceTree = "<group>"; };
		441541CC188B5A7500FAE219 /* xn-pelt.lang */ = {isa = PBXFileReference; fileEncoding = 4; lastKnownFileType = text; path = "xn-pelt.lang"; sourceTree = "<group>"; };
		441541CE188B5A7500FAE219 /* demo.plf */ = {isa = PBXFileReference; fileEncoding = 4; lastKnownFileType = text; path = demo.plf; sourceTree = "<group>"; };
		441541CF188B5A7500FAE219 /* part1.plf */ = {isa = PBXFileReference; fileEncoding = 4; lastKnownFileType = text; path = part1.plf; sourceTree = "<group>"; };
		441541D0188B5A7500FAE219 /* part2.plf */ = {isa = PBXFileReference; fileEncoding = 4; lastKnownFileType = text; path = part2.plf; sourceTree = "<group>"; };
		441541D1188B5A7500FAE219 /* options.pyp */ = {isa = PBXFileReference; fileEncoding = 4; lastKnownFileType = text; path = options.pyp; sourceTree = "<group>"; };
		441541D3188B5A7500FAE219 /* Icon */ = {isa = PBXFileReference; fileEncoding = 4; lastKnownFileType = text; path = Icon; sourceTree = "<group>"; };
		441541D4188B5A7500FAE219 /* woodplank.jpg */ = {isa = PBXFileReference; lastKnownFileType = image.jpeg; path = woodplank.jpg; sourceTree = "<group>"; };
		441541D5188B5A7500FAE219 /* woodplank.psd */ = {isa = PBXFileReference; lastKnownFileType = file; path = woodplank.psd; sourceTree = "<group>"; };
		441541D6188B5A7500FAE219 /* Run.bat */ = {isa = PBXFileReference; fileEncoding = 4; lastKnownFileType = text; path = Run.bat; sourceTree = "<group>"; };
		441541D7188B5A7500FAE219 /* Run.sh */ = {isa = PBXFileReference; fileEncoding = 4; lastKnownFileType = text.script.sh; path = Run.sh; sourceTree = "<group>"; };
		4418D45E18B6C2F300ACC522 /* netconnect.py */ = {isa = PBXFileReference; fileEncoding = 4; lastKnownFileType = text.script.python; path = netconnect.py; sourceTree = "<group>"; };
		441EF789188DDD0E000E6E59 /* Tile Attributes.txt */ = {isa = PBXFileReference; fileEncoding = 4; lastKnownFileType = text; path = "Tile Attributes.txt"; sourceTree = "<group>"; };
		441EF78A188DE9D9000E6E59 /* Addon Creation Guide.txt */ = {isa = PBXFileReference; fileEncoding = 4; lastKnownFileType = text; name = "Addon Creation Guide.txt"; path = "resources/docs/Addon Creation Guide.txt"; sourceTree = SOURCE_ROOT; };
		441EF78B188E1B4E000E6E59 /* entity.py */ = {isa = PBXFileReference; fileEncoding = 4; lastKnownFileType = text.script.python; path = entity.py; sourceTree = "<group>"; };
		44762DDE18B2CFF000AA7DDF /* rtmidi.so */ = {isa = PBXFileReference; lastKnownFileType = file; path = rtmidi.so; sourceTree = "<group>"; };
		44762DE018B2CFF000AA7DDF /* rtmidi.so */ = {isa = PBXFileReference; lastKnownFileType = "compiled.mach-o.bundle"; path = rtmidi.so; sourceTree = "<group>"; };
		44762DE218B2CFF000AA7DDF /* MidiMessage.o */ = {isa = PBXFileReference; lastKnownFileType = "compiled.mach-o.objfile"; path = MidiMessage.o; sourceTree = "<group>"; };
		44762DE318B2CFF000AA7DDF /* PyMidiMessage.o */ = {isa = PBXFileReference; lastKnownFileType = "compiled.mach-o.objfile"; path = PyMidiMessage.o; sourceTree = "<group>"; };
		44762DE418B2CFF000AA7DDF /* RtMidi.o */ = {isa = PBXFileReference; lastKnownFileType = "compiled.mach-o.objfile"; path = RtMidi.o; sourceTree = "<group>"; };
		44762DE518B2CFF000AA7DDF /* rtmidimodule.o */ = {isa = PBXFileReference; lastKnownFileType = "compiled.mach-o.objfile"; path = rtmidimodule.o; sourceTree = "<group>"; };
		44762DE618B2CFF000AA7DDF /* MidiMessage.cpp */ = {isa = PBXFileReference; fileEncoding = 4; lastKnownFileType = sourcecode.cpp.cpp; path = MidiMessage.cpp; sourceTree = "<group>"; };
		44762DE718B2CFF000AA7DDF /* MidiMessage.h */ = {isa = PBXFileReference; fileEncoding = 4; lastKnownFileType = sourcecode.c.h; path = MidiMessage.h; sourceTree = "<group>"; };
		44762DE918B2CFF000AA7DDF /* custom_names_patch.diff */ = {isa = PBXFileReference; fileEncoding = 4; lastKnownFileType = text; path = custom_names_patch.diff; sourceTree = "<group>"; };
		44762DEA18B2CFF000AA7DDF /* pyrtmidi-APPLE_LINUX_WINDOWS.diff */ = {isa = PBXFileReference; fileEncoding = 4; lastKnownFileType = text; path = "pyrtmidi-APPLE_LINUX_WINDOWS.diff"; sourceTree = "<group>"; };
		44762DEB18B2CFF000AA7DDF /* Readme */ = {isa = PBXFileReference; fileEncoding = 4; lastKnownFileType = text; path = Readme; sourceTree = "<group>"; };
		44762DEC18B2CFF000AA7DDF /* PyMidiMessage.cpp */ = {isa = PBXFileReference; fileEncoding = 4; lastKnownFileType = sourcecode.cpp.cpp; path = PyMidiMessage.cpp; sourceTree = "<group>"; };
		44762DED18B2CFF000AA7DDF /* PyMidiMessage.h */ = {isa = PBXFileReference; fileEncoding = 4; lastKnownFileType = sourcecode.c.h; path = PyMidiMessage.h; sourceTree = "<group>"; };
		44762DEE18B2CFF000AA7DDF /* README */ = {isa = PBXFileReference; fileEncoding = 4; lastKnownFileType = text; path = README; sourceTree = "<group>"; };
		44762DEF18B2CFF000AA7DDF /* RtError.h */ = {isa = PBXFileReference; fileEncoding = 4; lastKnownFileType = sourcecode.c.h; path = RtError.h; sourceTree = "<group>"; };
		44762DF018B2CFF000AA7DDF /* RtMidi.cpp */ = {isa = PBXFileReference; fileEncoding = 4; lastKnownFileType = sourcecode.cpp.cpp; path = RtMidi.cpp; sourceTree = "<group>"; };
		44762DF118B2CFF000AA7DDF /* RtMidi.h */ = {isa = PBXFileReference; fileEncoding = 4; lastKnownFileType = sourcecode.c.h; path = RtMidi.h; sourceTree = "<group>"; };
		44762DF218B2CFF000AA7DDF /* rtmidimodule.cpp */ = {isa = PBXFileReference; fileEncoding = 4; lastKnownFileType = sourcecode.cpp.cpp; path = rtmidimodule.cpp; sourceTree = "<group>"; };
		44762DF318B2CFF000AA7DDF /* setup.py */ = {isa = PBXFileReference; fileEncoding = 4; lastKnownFileType = text.script.python; path = setup.py; sourceTree = "<group>"; };
		44762DF518B2CFF000AA7DDF /* clock_output.py */ = {isa = PBXFileReference; fileEncoding = 4; lastKnownFileType = text.script.python; path = clock_output.py; sourceTree = "<group>"; };
		44762DF618B2CFF000AA7DDF /* rtmiditest.py */ = {isa = PBXFileReference; fileEncoding = 4; lastKnownFileType = text.script.python; path = rtmiditest.py; sourceTree = "<group>"; };
		44762DF718B2CFF000AA7DDF /* test_callback.py */ = {isa = PBXFileReference; fileEncoding = 4; lastKnownFileType = text.script.python; path = test_callback.py; sourceTree = "<group>"; };
		44762DF818B2CFF000AA7DDF /* test_rtmidi.py */ = {isa = PBXFileReference; fileEncoding = 4; lastKnownFileType = text.script.python; path = test_rtmidi.py; sourceTree = "<group>"; };
		4490869118A9A03A00AC20AE /* Copyright & Licence.txt */ = {isa = PBXFileReference; fileEncoding = 4; lastKnownFileType = text; path = "Copyright & Licence.txt"; sourceTree = "<group>"; };
		4490869518A9A8A100AC20AE /* credit.py */ = {isa = PBXFileReference; fileEncoding = 4; lastKnownFileType = text.script.python; path = credit.py; sourceTree = "<group>"; };
		4490869618A9A8AB00AC20AE /* copyright.py */ = {isa = PBXFileReference; fileEncoding = 4; lastKnownFileType = text.script.python; path = copyright.py; sourceTree = "<group>"; };
		4492160518A3228800A43B50 /* color.py */ = {isa = PBXFileReference; fileEncoding = 4; lastKnownFileType = text.script.python; path = color.py; sourceTree = "<group>"; };
		4497CAC118A0583400794C90 /* menu.py */ = {isa = PBXFileReference; fileEncoding = 4; lastKnownFileType = text.script.python; path = menu.py; sourceTree = "<group>"; };
		4497CAC218A0585500794C90 /* dumbmenuLicense.txt */ = {isa = PBXFileReference; fileEncoding = 4; lastKnownFileType = text; path = dumbmenuLicense.txt; sourceTree = "<group>"; };
		449EC42018CD86D200C59799 /* Default Controls.txt */ = {isa = PBXFileReference; fileEncoding = 4; lastKnownFileType = text; path = "Default Controls.txt"; sourceTree = "<group>"; };
		449EC42118CD86DD00C59799 /* Level Format Guide.txt */ = {isa = PBXFileReference; fileEncoding = 4; lastKnownFileType = text; name = "Level Format Guide.txt"; path = "resources/Level Format Guide.txt"; sourceTree = SOURCE_ROOT; };
		44B5756E18BEEE31009FD87E /* item.py */ = {isa = PBXFileReference; fileEncoding = 4; lastKnownFileType = text.script.python; path = item.py; sourceTree = "<group>"; };
		44B801F018A04DBE003FD27C /* menutest.py */ = {isa = PBXFileReference; fileEncoding = 4; lastKnownFileType = text.script.python; path = menutest.py; sourceTree = "<group>"; };
		44D195C918BF07BA005A9CEE /* errors.py */ = {isa = PBXFileReference; fileEncoding = 4; lastKnownFileType = text.script.python; path = errors.py; sourceTree = "<group>"; };
		44E20C5318BFEC56006FD270 /* gameplay.py */ = {isa = PBXFileReference; fileEncoding = 4; lastKnownFileType = text.script.python; path = gameplay.py; sourceTree = "<group>"; };
		44FE6BAB18DC02F1008F757B /* server.py */ = {isa = PBXFileReference; fileEncoding = 4; lastKnownFileType = text.script.python; path = server.py; sourceTree = "<group>"; };
/* End PBXFileReference section */

/* Begin PBXGroup section */
		4415417E188B5A7500FAE219 /* Language File Creators */ = {
			isa = PBXGroup;
			children = (
				4415417F188B5A7500FAE219 /* compile-langs.py */,
				44154181188B5A7500FAE219 /* enpelt.py */,
				44154180188B5A7500FAE219 /* english.py */,
				44154182188B5A7500FAE219 /* espelt.py */,
				44154184188B5A7500FAE219 /* spanish.py */,
				44154185188B5A7500FAE219 /* xino.py */,
				44154186188B5A7500FAE219 /* xnpelt.py */,
			);
			path = "Language File Creators";
			sourceTree = "<group>";
		};
		44154187188B5A7500FAE219 /* modules */ = {
			isa = PBXGroup;
			children = (
				44154188188B5A7500FAE219 /* __init__.py */,
				44154189188B5A7500FAE219 /* playermade */,
				4415418B188B5A7500FAE219 /* Pygame.url */,
			);
			path = modules;
			sourceTree = "<group>";
		};
		44154189188B5A7500FAE219 /* playermade */ = {
			isa = PBXGroup;
			children = (
				4415418A188B5A7500FAE219 /* __init__.py */,
			);
			path = playermade;
			sourceTree = "<group>";
		};
		4415418D188B5A7500FAE219 /* pelt */ = {
			isa = PBXGroup;
			children = (
				44762DDB18B2CFF000AA7DDF /* PyRtMidi-master */,
				4415418E188B5A7500FAE219 /* __init__.py */,
				4492160518A3228800A43B50 /* color.py */,
				4415418F188B5A7500FAE219 /* colorama */,
				44154196188B5A7500FAE219 /* config.py */,
				4490869518A9A8A100AC20AE /* credit.py */,
				441EF78B188E1B4E000E6E59 /* entity.py */,
				44D195C918BF07BA005A9CEE /* errors.py */,
				44E20C5318BFEC56006FD270 /* gameplay.py */,
				44154199188B5A7500FAE219 /* i18n.py */,
				44B5756E18BEEE31009FD87E /* item.py */,
				4415419A188B5A7500FAE219 /* level.py */,
				4415419B188B5A7500FAE219 /* localio.py */,
				4497CAC118A0583400794C90 /* menu.py */,
				44B801F018A04DBE003FD27C /* menutest.py */,
				4497CAC218A0585500794C90 /* dumbmenuLicense.txt */,
				4415419F188B5A7500FAE219 /* test */,
			);
			path = pelt;
			sourceTree = "<group>";
		};
		4415418F188B5A7500FAE219 /* colorama */ = {
			isa = PBXGroup;
			children = (
				44154190188B5A7500FAE219 /* __init__.py */,
				44154191188B5A7500FAE219 /* ansi.py */,
				44154192188B5A7500FAE219 /* ansitowin32.py */,
				44154193188B5A7500FAE219 /* initialise.py */,
				44154194188B5A7500FAE219 /* win32.py */,
				44154195188B5A7500FAE219 /* winterm.py */,
			);
			path = colorama;
			sourceTree = "<group>";
		};
		4415419F188B5A7500FAE219 /* test */ = {
			isa = PBXGroup;
			children = (
				441541A0188B5A7500FAE219 /* Icon */,
				441541A1188B5A7500FAE219 /* test_Parser.py */,
			);
			path = test;
			sourceTree = "<group>";
		};
		441541A3188B5A7500FAE219 /* resources */ = {
			isa = PBXGroup;
			children = (
				449EC42118CD86DD00C59799 /* Level Format Guide.txt */,
				441541A4188B5A7500FAE219 /* characters */,
				441541A9188B5A7500FAE219 /* docs */,
				441541C3188B5A7500FAE219 /* langs */,
				441541CD188B5A7500FAE219 /* levels */,
				441541D1188B5A7500FAE219 /* options.pyp */,
				441541D2188B5A7500FAE219 /* tiles */,
			);
			path = resources;
			sourceTree = "<group>";
		};
		441541A4188B5A7500FAE219 /* characters */ = {
			isa = PBXGroup;
			children = (
				441541A5188B5A7500FAE219 /* wolf_female.jpg */,
				441541A6188B5A7500FAE219 /* wolf_female.psd */,
				441541A7188B5A7500FAE219 /* wolf_male.jpg */,
				441541A8188B5A7500FAE219 /* wolf_male.psd */,
			);
			path = characters;
			sourceTree = "<group>";
		};
		441541A9188B5A7500FAE219 /* docs */ = {
			isa = PBXGroup;
			children = (
				449EC42018CD86D200C59799 /* Default Controls.txt */,
				441541AA188B5A7500FAE219 /* finish.bat.lnk */,
				441541AB188B5A7500FAE219 /* How to Install.txt */,
				441541AC188B5A7500FAE219 /* Level 2 */,
				441541BF188B5A7500FAE219 /* Level Design.gdoc */,
				441EF789188DDD0E000E6E59 /* Tile Attributes.txt */,
				441EF78A188DE9D9000E6E59 /* Addon Creation Guide.txt */,
				441541C0188B5A7500FAE219 /* Level Hex File Format Guide.txt */,
				441541C1188B5A7500FAE219 /* Main Menu.psd */,
				441541C2188B5A7500FAE219 /* spanish.py */,
				4490869118A9A03A00AC20AE /* Copyright & Licence.txt */,
			);
			path = docs;
			sourceTree = "<group>";
		};
		441541AC188B5A7500FAE219 /* Level 2 */ = {
			isa = PBXGroup;
			children = (
				441541AD188B5A7500FAE219 /* Floor 1 */,
				441541B3188B5A7500FAE219 /* Floor 2 */,
				441541B6188B5A7500FAE219 /* Floor 3 */,
				441541BC188B5A7500FAE219 /* Floor 4 */,
				441541BE188B5A7500FAE219 /* Level 2.png */,
			);
			path = "Level 2";
			sourceTree = "<group>";
		};
		441541AD188B5A7500FAE219 /* Floor 1 */ = {
			isa = PBXGroup;
			children = (
				441541AE188B5A7500FAE219 /* 2013-11-28_19.45.09.png */,
				441541AF188B5A7500FAE219 /* 2013-11-28_19.45.25.png */,
				441541B0188B5A7500FAE219 /* 2013-11-28_19.45.39.png */,
				441541B1188B5A7500FAE219 /* 2013-11-28_19.46.15.png */,
				441541B2188B5A7500FAE219 /* 2013-11-28_19.46.39.png */,
			);
			path = "Floor 1";
			sourceTree = "<group>";
		};
		441541B3188B5A7500FAE219 /* Floor 2 */ = {
			isa = PBXGroup;
			children = (
				441541B4188B5A7500FAE219 /* 2013-11-28_19.50.27.png */,
				441541B5188B5A7500FAE219 /* 2013-11-28_19.50.44.png */,
			);
			path = "Floor 2";
			sourceTree = "<group>";
		};
		441541B6188B5A7500FAE219 /* Floor 3 */ = {
			isa = PBXGroup;
			children = (
				441541B7188B5A7500FAE219 /* 2013-11-28_19.52.38.png */,
				441541B8188B5A7500FAE219 /* 2013-11-28_19.52.51.png */,
				441541B9188B5A7500FAE219 /* 2013-11-28_19.53.21.png */,
				441541BA188B5A7500FAE219 /* 2013-11-28_20.18.46.png */,
				441541BB188B5A7500FAE219 /* 2013-11-28_20.19.03.png */,
			);
			path = "Floor 3";
			sourceTree = "<group>";
		};
		441541BC188B5A7500FAE219 /* Floor 4 */ = {
			isa = PBXGroup;
			children = (
				441541BD188B5A7500FAE219 /* 2013-11-28_20.34.07.png */,
			);
			path = "Floor 4";
			sourceTree = "<group>";
		};
		441541C3188B5A7500FAE219 /* langs */ = {
			isa = PBXGroup;
			children = (
				441541C4188B5A7500FAE219 /* en */,
				441541C7188B5A7500FAE219 /* es */,
				441541CA188B5A7500FAE219 /* xn */,
			);
			path = langs;
			sourceTree = "<group>";
		};
		441541C4188B5A7500FAE219 /* en */ = {
			isa = PBXGroup;
			children = (
				441541C5188B5A7500FAE219 /* en-pelt.lang */,
				441541C6188B5A7500FAE219 /* english.lang */,
			);
			path = en;
			sourceTree = "<group>";
		};
		441541C7188B5A7500FAE219 /* es */ = {
			isa = PBXGroup;
			children = (
				441541C8188B5A7500FAE219 /* es-pelt.lang */,
				441541C9188B5A7500FAE219 /* espanol.lang */,
			);
			path = es;
			sourceTree = "<group>";
		};
		441541CA188B5A7500FAE219 /* xn */ = {
			isa = PBXGroup;
			children = (
				441541CB188B5A7500FAE219 /* xino.lang */,
				441541CC188B5A7500FAE219 /* xn-pelt.lang */,
			);
			path = xn;
			sourceTree = "<group>";
		};
		441541CD188B5A7500FAE219 /* levels */ = {
			isa = PBXGroup;
			children = (
				441541CE188B5A7500FAE219 /* demo.plf */,
				441541CF188B5A7500FAE219 /* part1.plf */,
				441541D0188B5A7500FAE219 /* part2.plf */,
			);
			path = levels;
			sourceTree = "<group>";
		};
		441541D2188B5A7500FAE219 /* tiles */ = {
			isa = PBXGroup;
			children = (
				441541D3188B5A7500FAE219 /* Icon */,
				441541D4188B5A7500FAE219 /* woodplank.jpg */,
				441541D5188B5A7500FAE219 /* woodplank.psd */,
			);
			path = tiles;
			sourceTree = "<group>";
		};
		44762DDB18B2CFF000AA7DDF /* PyRtMidi-master */ = {
			isa = PBXGroup;
			children = (
				44762DDC18B2CFF000AA7DDF /* build */,
				44762DE618B2CFF000AA7DDF /* MidiMessage.cpp */,
				44762DE718B2CFF000AA7DDF /* MidiMessage.h */,
				44762DE818B2CFF000AA7DDF /* patches */,
				44762DEC18B2CFF000AA7DDF /* PyMidiMessage.cpp */,
				44762DED18B2CFF000AA7DDF /* PyMidiMessage.h */,
				44762DEE18B2CFF000AA7DDF /* README */,
				44762DEF18B2CFF000AA7DDF /* RtError.h */,
				44762DF018B2CFF000AA7DDF /* RtMidi.cpp */,
				44762DF118B2CFF000AA7DDF /* RtMidi.h */,
				44762DF218B2CFF000AA7DDF /* rtmidimodule.cpp */,
				44762DF318B2CFF000AA7DDF /* setup.py */,
				44762DF418B2CFF000AA7DDF /* tests */,
			);
			path = "PyRtMidi-master";
			sourceTree = "<group>";
		};
		44762DDC18B2CFF000AA7DDF /* build */ = {
			isa = PBXGroup;
			children = (
				44762DDD18B2CFF000AA7DDF /* lib.linux-x86_64-2.7 */,
				44762DDF18B2CFF000AA7DDF /* lib.macosx-10.6-intel-2.7 */,
				44762DE118B2CFF000AA7DDF /* temp.macosx-10.6-intel-2.7 */,
			);
			path = build;
			sourceTree = "<group>";
		};
		44762DDD18B2CFF000AA7DDF /* lib.linux-x86_64-2.7 */ = {
			isa = PBXGroup;
			children = (
				44762DDE18B2CFF000AA7DDF /* rtmidi.so */,
			);
			path = "lib.linux-x86_64-2.7";
			sourceTree = "<group>";
		};
		44762DDF18B2CFF000AA7DDF /* lib.macosx-10.6-intel-2.7 */ = {
			isa = PBXGroup;
			children = (
				44762DE018B2CFF000AA7DDF /* rtmidi.so */,
			);
			path = "lib.macosx-10.6-intel-2.7";
			sourceTree = "<group>";
		};
		44762DE118B2CFF000AA7DDF /* temp.macosx-10.6-intel-2.7 */ = {
			isa = PBXGroup;
			children = (
				44762DE218B2CFF000AA7DDF /* MidiMessage.o */,
				44762DE318B2CFF000AA7DDF /* PyMidiMessage.o */,
				44762DE418B2CFF000AA7DDF /* RtMidi.o */,
				44762DE518B2CFF000AA7DDF /* rtmidimodule.o */,
			);
			path = "temp.macosx-10.6-intel-2.7";
			sourceTree = "<group>";
		};
		44762DE818B2CFF000AA7DDF /* patches */ = {
			isa = PBXGroup;
			children = (
				44762DE918B2CFF000AA7DDF /* custom_names_patch.diff */,
				44762DEA18B2CFF000AA7DDF /* pyrtmidi-APPLE_LINUX_WINDOWS.diff */,
				44762DEB18B2CFF000AA7DDF /* Readme */,
			);
			path = patches;
			sourceTree = "<group>";
		};
		44762DF418B2CFF000AA7DDF /* tests */ = {
			isa = PBXGroup;
			children = (
				44762DF518B2CFF000AA7DDF /* clock_output.py */,
				44762DF618B2CFF000AA7DDF /* rtmiditest.py */,
				44762DF718B2CFF000AA7DDF /* test_callback.py */,
				44762DF818B2CFF000AA7DDF /* test_rtmidi.py */,
			);
			path = tests;
			sourceTree = "<group>";
		};
		44AAA2E1188B56E6004247D6 = {
			isa = PBXGroup;
			children = (
				4490869618A9A8AB00AC20AE /* copyright.py */,
				4415417A188B5A7500FAE219 /* battle.py */,
				4415417B188B5A7500FAE219 /* custio.py */,
				4415417C188B5A7500FAE219 /* debug-iOS.py */,
				4415417D188B5A7500FAE219 /* Fur.py */,
				4418D45E18B6C2F300ACC522 /* netconnect.py */,
				44FE6BAB18DC02F1008F757B /* server.py */,
				4415417E188B5A7500FAE219 /* Language File Creators */,
				44154187188B5A7500FAE219 /* modules */,
				4415418C188B5A7500FAE219 /* Notepad++ Level Language.xml */,
				4415418D188B5A7500FAE219 /* pelt */,
				441541A2188B5A7500FAE219 /* README.md */,
				441541A3188B5A7500FAE219 /* resources */,
				441541D6188B5A7500FAE219 /* Run.bat */,
				441541D7188B5A7500FAE219 /* Run.sh */,
			);
			sourceTree = "<group>";
		};
/* End PBXGroup section */

/* Begin PBXLegacyTarget section */
		44AAA2E6188B56E6004247D6 /* Fur */ = {
			isa = PBXLegacyTarget;
			buildArgumentsString = "$(ACTION)";
			buildConfigurationList = 44AAA2E9188B56E6004247D6 /* Build configuration list for PBXLegacyTarget "Fur" */;
			buildPhases = (
			);
			buildToolPath = /Library/Frameworks/Python.framework/Versions/2.7/bin/python;
			dependencies = (
			);
			name = Fur;
			passBuildSettingsInEnvironment = 1;
			productName = Fur;
		};
/* End PBXLegacyTarget section */

/* Begin PBXProject section */
		44AAA2E2188B56E6004247D6 /* Project object */ = {
			isa = PBXProject;
			attributes = {
				LastUpgradeCheck = 0500;
				ORGANIZATIONNAME = "Nightwave Studios";
			};
			buildConfigurationList = 44AAA2E5188B56E6004247D6 /* Build configuration list for PBXProject "Fur" */;
			compatibilityVersion = "Xcode 3.2";
			developmentRegion = English;
			hasScannedForEncodings = 0;
			knownRegions = (
				en,
			);
			mainGroup = 44AAA2E1188B56E6004247D6;
			projectDirPath = "";
			projectRoot = "";
			targets = (
				44AAA2E6188B56E6004247D6 /* Fur */,
			);
		};
/* End PBXProject section */

/* Begin XCBuildConfiguration section */
		44AAA2E7188B56E6004247D6 /* Debug */ = {
			isa = XCBuildConfiguration;
			buildSettings = {
				ALWAYS_SEARCH_USER_PATHS = NO;
				CLANG_CXX_LANGUAGE_STANDARD = "gnu++0x";
				CLANG_CXX_LIBRARY = "libc++";
				CLANG_ENABLE_OBJC_ARC = YES;
				CLANG_WARN_BOOL_CONVERSION = YES;
				CLANG_WARN_CONSTANT_CONVERSION = YES;
				CLANG_WARN_DIRECT_OBJC_ISA_USAGE = YES_ERROR;
				CLANG_WARN_EMPTY_BODY = YES;
				CLANG_WARN_ENUM_CONVERSION = YES;
				CLANG_WARN_INT_CONVERSION = YES;
				CLANG_WARN_OBJC_ROOT_CLASS = YES_ERROR;
				CLANG_WARN__DUPLICATE_METHOD_MATCH = YES;
				COPY_PHASE_STRIP = NO;
				GCC_C_LANGUAGE_STANDARD = gnu99;
				GCC_DYNAMIC_NO_PIC = NO;
				GCC_ENABLE_OBJC_EXCEPTIONS = YES;
				GCC_OPTIMIZATION_LEVEL = 0;
				GCC_PREPROCESSOR_DEFINITIONS = (
					"DEBUG=1",
					"$(inherited)",
				);
				GCC_SYMBOLS_PRIVATE_EXTERN = NO;
				GCC_WARN_64_TO_32_BIT_CONVERSION = YES;
				GCC_WARN_ABOUT_RETURN_TYPE = YES_ERROR;
				GCC_WARN_UNDECLARED_SELECTOR = YES;
				GCC_WARN_UNINITIALIZED_AUTOS = YES;
				GCC_WARN_UNUSED_FUNCTION = YES;
				GCC_WARN_UNUSED_VARIABLE = YES;
				MACOSX_DEPLOYMENT_TARGET = 10.9;
				ONLY_ACTIVE_ARCH = YES;
				SDKROOT = macosx;
			};
			name = Debug;
		};
		44AAA2E8188B56E6004247D6 /* Release */ = {
			isa = XCBuildConfiguration;
			buildSettings = {
				ALWAYS_SEARCH_USER_PATHS = NO;
				CLANG_CXX_LANGUAGE_STANDARD = "gnu++0x";
				CLANG_CXX_LIBRARY = "libc++";
				CLANG_ENABLE_OBJC_ARC = YES;
				CLANG_WARN_BOOL_CONVERSION = YES;
				CLANG_WARN_CONSTANT_CONVERSION = YES;
				CLANG_WARN_DIRECT_OBJC_ISA_USAGE = YES_ERROR;
				CLANG_WARN_EMPTY_BODY = YES;
				CLANG_WARN_ENUM_CONVERSION = YES;
				CLANG_WARN_INT_CONVERSION = YES;
				CLANG_WARN_OBJC_ROOT_CLASS = YES_ERROR;
				CLANG_WARN__DUPLICATE_METHOD_MATCH = YES;
				COPY_PHASE_STRIP = YES;
				DEBUG_INFORMATION_FORMAT = "dwarf-with-dsym";
				ENABLE_NS_ASSERTIONS = NO;
				GCC_C_LANGUAGE_STANDARD = gnu99;
				GCC_ENABLE_OBJC_EXCEPTIONS = YES;
				GCC_WARN_64_TO_32_BIT_CONVERSION = YES;
				GCC_WARN_ABOUT_RETURN_TYPE = YES_ERROR;
				GCC_WARN_UNDECLARED_SELECTOR = YES;
				GCC_WARN_UNINITIALIZED_AUTOS = YES;
				GCC_WARN_UNUSED_FUNCTION = YES;
				GCC_WARN_UNUSED_VARIABLE = YES;
				MACOSX_DEPLOYMENT_TARGET = 10.9;
				SDKROOT = macosx;
			};
			name = Release;
		};
		44AAA2EA188B56E6004247D6 /* Debug */ = {
			isa = XCBuildConfiguration;
			buildSettings = {
				DEBUGGING_SYMBOLS = YES;
				GCC_GENERATE_DEBUGGING_SYMBOLS = YES;
				GCC_OPTIMIZATION_LEVEL = 0;
				OTHER_CFLAGS = "";
				OTHER_LDFLAGS = "";
				PRODUCT_NAME = "$(TARGET_NAME)";
			};
			name = Debug;
		};
		44AAA2EB188B56E6004247D6 /* Release */ = {
			isa = XCBuildConfiguration;
			buildSettings = {
				OTHER_CFLAGS = "";
				OTHER_LDFLAGS = "";
				PRODUCT_NAME = "$(TARGET_NAME)";
			};
			name = Release;
		};
/* End XCBuildConfiguration section */

/* Begin XCConfigurationList section */
		44AAA2E5188B56E6004247D6 /* Build configuration list for PBXProject "Fur" */ = {
			isa = XCConfigurationList;
			buildConfigurations = (
				44AAA2E7188B56E6004247D6 /* Debug */,
				44AAA2E8188B56E6004247D6 /* Release */,
			);
			defaultConfigurationIsVisible = 0;
			defaultConfigurationName = Release;
		};
		44AAA2E9188B56E6004247D6 /* Build configuration list for PBXLegacyTarget "Fur" */ = {
			isa = XCConfigurationList;
			buildConfigurations = (
				44AAA2EA188B56E6004247D6 /* Debug */,
				44AAA2EB188B56E6004247D6 /* Release */,
			);
			defaultConfigurationIsVisible = 0;
			defaultConfigurationName = Release;
		};
/* End XCConfigurationList section */
	};
	rootObject = 44AAA2E2188B56E6004247D6 /* Project object */;
}
